// !$*UTF8*$!
{
	archiveVersion = 1;
	classes = {
	};
	objectVersion = 46;
	objects = {

/* Begin PBXBuildFile section */
		638457221D58B33400D66281 /* AppDelegate.swift in Sources */ = {isa = PBXBuildFile; fileRef = 638457211D58B33400D66281 /* AppDelegate.swift */; };
		638457241D58B33400D66281 /* ViewController.swift in Sources */ = {isa = PBXBuildFile; fileRef = 638457231D58B33400D66281 /* ViewController.swift */; };
		638457271D58B33400D66281 /* Main.storyboard in Resources */ = {isa = PBXBuildFile; fileRef = 638457251D58B33400D66281 /* Main.storyboard */; };
		638457291D58B33400D66281 /* Assets.xcassets in Resources */ = {isa = PBXBuildFile; fileRef = 638457281D58B33400D66281 /* Assets.xcassets */; };
		6384572C1D58B33400D66281 /* LaunchScreen.storyboard in Resources */ = {isa = PBXBuildFile; fileRef = 6384572A1D58B33400D66281 /* LaunchScreen.storyboard */; };
/* End PBXBuildFile section */

/* Begin PBXFileReference section */
		6384571E1D58B33400D66281 /* Sunday School.app */ = {isa = PBXFileReference; explicitFileType = wrapper.application; includeInIndex = 0; path = "Sunday School.app"; sourceTree = BUILT_PRODUCTS_DIR; };
		638457211D58B33400D66281 /* AppDelegate.swift */ = {isa = PBXFileReference; lastKnownFileType = sourcecode.swift; path = AppDelegate.swift; sourceTree = "<group>"; };
		638457231D58B33400D66281 /* ViewController.swift */ = {isa = PBXFileReference; lastKnownFileType = sourcecode.swift; path = ViewController.swift; sourceTree = "<group>"; };
		638457261D58B33400D66281 /* Base */ = {isa = PBXFileReference; lastKnownFileType = file.storyboard; name = Base; path = Base.lproj/Main.storyboard; sourceTree = "<group>"; };
		638457281D58B33400D66281 /* Assets.xcassets */ = {isa = PBXFileReference; lastKnownFileType = folder.assetcatalog; path = Assets.xcassets; sourceTree = "<group>"; };
		6384572B1D58B33400D66281 /* Base */ = {isa = PBXFileReference; lastKnownFileType = file.storyboard; name = Base; path = Base.lproj/LaunchScreen.storyboard; sourceTree = "<group>"; };
		6384572D1D58B33400D66281 /* Info.plist */ = {isa = PBXFileReference; lastKnownFileType = text.plist.xml; path = Info.plist; sourceTree = "<group>"; };
/* End PBXFileReference section */

/* Begin PBXFrameworksBuildPhase section */
		6384571B1D58B33400D66281 /* Frameworks */ = {
			isa = PBXFrameworksBuildPhase;
			buildActionMask = 2147483647;
			files = (
			);
			runOnlyForDeploymentPostprocessing = 0;
		};
/* End PBXFrameworksBuildPhase section */

/* Begin PBXGroup section */
		638457151D58B33400D66281 = {
			isa = PBXGroup;
			children = (
				638457201D58B33400D66281 /* Sunday School */,
				6384571F1D58B33400D66281 /* Products */,
			);
			sourceTree = "<group>";
		};
		6384571F1D58B33400D66281 /* Products */ = {
			isa = PBXGroup;
			children = (
				6384571E1D58B33400D66281 /* Sunday School.app */,
			);
			name = Products;
			sourceTree = "<group>";
		};
		638457201D58B33400D66281 /* Sunday School */ = {
			isa = PBXGroup;
			children = (
				638457211D58B33400D66281 /* AppDelegate.swift */,
				638457231D58B33400D66281 /* ViewController.swift */,
				638457251D58B33400D66281 /* Main.storyboard */,
				638457281D58B33400D66281 /* Assets.xcassets */,
				6384572A1D58B33400D66281 /* LaunchScreen.storyboard */,
				6384572D1D58B33400D66281 /* Info.plist */,
			);
			path = "Sunday School";
			sourceTree = "<group>";
		};
/* End PBXGroup section */

/* Begin PBXNativeTarget section */
		6384571D1D58B33400D66281 /* Sunday School */ = {
			isa = PBXNativeTarget;
			buildConfigurationList = 638457301D58B33400D66281 /* Build configuration list for PBXNativeTarget "Sunday School" */;
			buildPhases = (
				6384571A1D58B33400D66281 /* Sources */,
				6384571B1D58B33400D66281 /* Frameworks */,
				6384571C1D58B33400D66281 /* Resources */,
			);
			buildRules = (
			);
			dependencies = (
			);
			name = "Sunday School";
			productName = "Sunday School";
			productReference = 6384571E1D58B33400D66281 /* Sunday School.app */;
			productType = "com.apple.product-type.application";
		};
/* End PBXNativeTarget section */

/* Begin PBXProject section */
		638457161D58B33400D66281 /* Project object */ = {
			isa = PBXProject;
			attributes = {
				LastSwiftUpdateCheck = 0800;
				LastUpgradeCheck = 0800;
				ORGANIZATIONNAME = Davidgun;
				TargetAttributes = {
					6384571D1D58B33400D66281 = {
						CreatedOnToolsVersion = 8.0;
						DevelopmentTeam = GD8VREVBA4;
						ProvisioningStyle = Automatic;
					};
				};
			};
			buildConfigurationList = 638457191D58B33400D66281 /* Build configuration list for PBXProject "Sunday School" */;
			compatibilityVersion = "Xcode 3.2";
			developmentRegion = English;
			hasScannedForEncodings = 0;
			knownRegions = (
				en,
				Base,
			);
			mainGroup = 638457151D58B33400D66281;
			productRefGroup = 6384571F1D58B33400D66281 /* Products */;
			projectDirPath = "";
			projectRoot = "";
			targets = (
				6384571D1D58B33400D66281 /* Sunday School */,
			);
		};
/* End PBXProject section */

/* Begin PBXResourcesBuildPhase section */
		6384571C1D58B33400D66281 /* Resources */ = {
			isa = PBXResourcesBuildPhase;
			buildActionMask = 2147483647;
			files = (
				6384572C1D58B33400D66281 /* LaunchScreen.storyboard in Resources */,
				638457291D58B33400D66281 /* Assets.xcassets in Resources */,
				638457271D58B33400D66281 /* Main.storyboard in Resources */,
			);
			runOnlyForDeploymentPostprocessing = 0;
		};
/* End PBXResourcesBuildPhase section */

/* Begin PBXSourcesBuildPhase section */
		6384571A1D58B33400D66281 /* Sources */ = {
			isa = PBXSourcesBuildPhase;
			buildActionMask = 2147483647;
			files = (
				638457241D58B33400D66281 /* ViewController.swift in Sources */,
				638457221D58B33400D66281 /* AppDelegate.swift in Sources */,
			);
			runOnlyForDeploymentPostprocessing = 0;
		};
/* End PBXSourcesBuildPhase section */

/* Begin PBXVariantGroup section */
		638457251D58B33400D66281 /* Main.storyboard */ = {
			isa = PBXVariantGroup;
			children = (
				638457261D58B33400D66281 /* Base */,
			);
			name = Main.storyboard;
			sourceTree = "<group>";
		};
		6384572A1D58B33400D66281 /* LaunchScreen.storyboard */ = {
			isa = PBXVariantGroup;
			children = (
				6384572B1D58B33400D66281 /* Base */,
			);
			name = LaunchScreen.storyboard;
			sourceTree = "<group>";
		};
/* End PBXVariantGroup section */

/* Begin XCBuildConfiguration section */
		6384572E1D58B33400D66281 /* Debug */ = {
			isa = XCBuildConfiguration;
			buildSettings = {
				ALWAYS_SEARCH_USER_PATHS = NO;
				CLANG_ANALYZER_NONNULL = YES;
				CLANG_CXX_LANGUAGE_STANDARD = "gnu++0x";
				CLANG_CXX_LIBRARY = "libc++";
				CLANG_ENABLE_MODULES = YES;
				CLANG_ENABLE_OBJC_ARC = YES;
				CLANG_WARN_BOOL_CONVERSION = YES;
				CLANG_WARN_CONSTANT_CONVERSION = YES;
				CLANG_WARN_DIRECT_OBJC_ISA_USAGE = YES_ERROR;
				CLANG_WARN_DOCUMENTATION_COMMENTS = YES;
				CLANG_WARN_EMPTY_BODY = YES;
				CLANG_WARN_ENUM_CONVERSION = YES;
				CLANG_WARN_INFINITE_RECURSION = YES;
				CLANG_WARN_INT_CONVERSION = YES;
				CLANG_WARN_OBJC_ROOT_CLASS = YES_ERROR;
				CLANG_WARN_SUSPICIOUS_MOVES = YES;
				CLANG_WARN_UNREACHABLE_CODE = YES;
				CLANG_WARN__DUPLICATE_METHOD_MATCH = YES;
				"CODE_SIGN_IDENTITY[sdk=iphoneos*]" = "iPhone Developer";
				COPY_PHASE_STRIP = NO;
				DEBUG_INFORMATION_FORMAT = dwarf;
				ENABLE_STRICT_OBJC_MSGSEND = YES;
				ENABLE_TESTABILITY = YES;
				GCC_C_LANGUAGE_STANDARD = gnu99;
				GCC_DYNAMIC_NO_PIC = NO;
				GCC_NO_COMMON_BLOCKS = YES;
				GCC_OPTIMIZATION_LEVEL = 0;
				GCC_PREPROCESSOR_DEFINITIONS = (
					"DEBUG=1",
					"$(inherited)",
				);
				GCC_WARN_64_TO_32_BIT_CONVERSION = YES;
				GCC_WARN_ABOUT_RETURN_TYPE = YES_ERROR;
				GCC_WARN_UNDECLARED_SELECTOR = YES;
				GCC_WARN_UNINITIALIZED_AUTOS = YES_AGGRESSIVE;
				GCC_WARN_UNUSED_FUNCTION = YES;
				GCC_WARN_UNUSED_VARIABLE = YES;
				IPHONEOS_DEPLOYMENT_TARGET = 10.0;
				MTL_ENABLE_DEBUG_INFO = YES;
				ONLY_ACTIVE_ARCH = YES;
				SDKROOT = iphoneos;
				SWIFT_ACTIVE_COMPILATION_CONDITIONS = DEBUG;
				SWIFT_OPTIMIZATION_LEVEL = "-Onone";
			};
			name = Debug;
		};
		6384572F1D58B33400D66281 /* Release */ = {
			isa = XCBuildConfiguration;
			buildSettings = {
				ALWAYS_SEARCH_USER_PATHS = NO;
				CLANG_ANALYZER_NONNULL = YES;
				CLANG_CXX_LANGUAGE_STANDARD = "gnu++0x";
				CLANG_CXX_LIBRARY = "libc++";
				CLANG_ENABLE_MODULES = YES;
				CLANG_ENABLE_OBJC_ARC = YES;
				CLANG_WARN_BOOL_CONVERSION = YES;
				CLANG_WARN_CONSTANT_CONVERSION = YES;
				CLANG_WARN_DIRECT_OBJC_ISA_USAGE = YES_ERROR;
				CLANG_WARN_DOCUMENTATION_COMMENTS = YES;
				CLANG_WARN_EMPTY_BODY = YES;
				CLANG_WARN_ENUM_CONVERSION = YES;
				CLANG_WARN_INFINITE_RECURSION = YES;
				CLANG_WARN_INT_CONVERSION = YES;
				CLANG_WARN_OBJC_ROOT_CLASS = YES_ERROR;
				CLANG_WARN_SUSPICIOUS_MOVES = YES;
				CLANG_WARN_UNREACHABLE_CODE = YES;
				CLANG_WARN__DUPLICATE_METHOD_MATCH = YES;
				"CODE_SIGN_IDENTITY[sdk=iphoneos*]" = "iPhone Developer";
				COPY_PHASE_STRIP = NO;
				DEBUG_INFORMATION_FORMAT = "dwarf-with-dsym";
				ENABLE_NS_ASSERTIONS = NO;
				ENABLE_STRICT_OBJC_MSGSEND = YES;
				GCC_C_LANGUAGE_STANDARD = gnu99;
				GCC_NO_COMMON_BLOCKS = YES;
				GCC_WARN_64_TO_32_BIT_CONVERSION = YES;
				GCC_WARN_ABOUT_RETURN_TYPE = YES_ERROR;
				GCC_WARN_UNDECLARED_SELECTOR = YES;
				GCC_WARN_UNINITIALIZED_AUTOS = YES_AGGRESSIVE;
				GCC_WARN_UNUSED_FUNCTION = YES;
				GCC_WARN_UNUSED_VARIABLE = YES;
				IPHONEOS_DEPLOYMENT_TARGET = 10.0;
				MTL_ENABLE_DEBUG_INFO = NO;
				SDKROOT = iphoneos;
				SWIFT_OPTIMIZATION_LEVEL = "-Owholemodule";
				VALIDATE_PRODUCT = YES;
			};
			name = Release;
		};
		638457311D58B33400D66281 /* Debug */ = {
			isa = XCBuildConfiguration;
			buildSettings = {
				ASSETCATALOG_COMPILER_APPICON_NAME = AppIcon;
				DEVELOPMENT_TEAM = GD8VREVBA4;
				INFOPLIST_FILE = "Sunday School/Info.plist";
				LD_RUNPATH_SEARCH_PATHS = "$(inherited) @executable_path/Frameworks";
				PRODUCT_BUNDLE_IDENTIFIER = "com.ligun.Sunday-School";
				PRODUCT_NAME = "$(TARGET_NAME)";
				SWIFT_VERSION = 3.0;
			};
			name = Debug;
		};
		638457321D58B33400D66281 /* Release */ = {
			isa = XCBuildConfiguration;
			buildSettings = {
				ASSETCATALOG_COMPILER_APPICON_NAME = AppIcon;
				DEVELOPMENT_TEAM = GD8VREVBA4;
				INFOPLIST_FILE = "Sunday School/Info.plist";
				LD_RUNPATH_SEARCH_PATHS = "$(inherited) @executable_path/Frameworks";
				PRODUCT_BUNDLE_IDENTIFIER = "com.ligun.Sunday-School";
				PRODUCT_NAME = "$(TARGET_NAME)";
				SWIFT_VERSION = 3.0;
			};
			name = Release;
		};
/* End XCBuildConfiguration section */

/* Begin XCConfigurationList section */
		638457191D58B33400D66281 /* Build configuration list for PBXProject "Sunday School" */ = {
			isa = XCConfigurationList;
			buildConfigurations = (
				6384572E1D58B33400D66281 /* Debug */,
				6384572F1D58B33400D66281 /* Release */,
			);
			defaultConfigurationIsVisible = 0;
			defaultConfigurationName = Release;
		};
		638457301D58B33400D66281 /* Build configuration list for PBXNativeTarget "Sunday School" */ = {
			isa = XCConfigurationList;
			buildConfigurations = (
				638457311D58B33400D66281 /* Debug */,
				638457321D58B33400D66281 /* Release */,
			);
			defaultConfigurationIsVisible = 0;
		};
/* End XCConfigurationList section */
	};
	rootObject = 638457161D58B33400D66281 /* Project object */;
}
